{"pid": 4156368, "start": 1788778950.6738539, "host": "u1-FAEX9", "workspace": "/home/u1/workspace/demo/snaplink", "argv": "/home/u1/ai-batch-runner/pi-batch.py .pi-batch/parallel-policy-config-isolation.yaml --mode parallel --workers 3 --timeout 86400 --no-git-commit --kill-orphans --provider openai-codex --model gpt-5.6-luna --log-file /tmp/pi-batch-parallel-policy-config-isolation-24h.log", "token": "c9b3e27f29254774858f8f527de38abd", "domain": "default", "outputs": ["/tmp/snaplink-codex-tokenpolicy-isolation-report.md", "/tmp/snaplink-codex-permissions-isolation-report.md", "/tmp/snaplink-codex-configaudit-isolation-report.md"], "session_name": "", "worktree_dirty": false}